
Microsoft Visual Studio Solution File, Format Version 12.00
Project("{2150E333-8FDC-42A3-9474-1A3956D46DE8}") = "src", "src", "{5EA2EA20-B5A6-4CED-9059-A8684F2E84F5}"
EndProject
Project("{2150E333-8FDC-42A3-9474-1A3956D46DE8}") = "Tests", "Tests", "{2DE41ED2-F053-454A-854D-14210955F656}"
EndProject
Project("{FAE04EC0-301F-11D3-BF4B-00C04F79EFBC}") = "Api", "src\Api\Api.csproj", "{FFC1734B-2CCF-480E-AAF1-5F6114D3F298}"
EndProject
Project("{FAE04EC0-301F-11D3-BF4B-00C04F79EFBC}") = "Domain", "src\Domain\Domain.csproj", "{088A0D78-5EB4-47DF-97D8-86E4657D8502}"
EndProject
Project("{FAE04EC0-301F-11D3-BF4B-00C04F79EFBC}") = "Application", "src\Application\Application.csproj", "{7CE80795-53C8-4050-A973-8DD19E99FFCF}"
EndProject
Project("{FAE04EC0-301F-11D3-BF4B-00C04F79EFBC}") = "Infra.Data", "src\Infra.Data\Infra.Data.csproj", "{2ADEA842-1FDF-4CCD-89D3-257494E11354}"
EndProject
Project("{FAE04EC0-301F-11D3-BF4B-00C04F79EFBC}") = "Infra.IoC", "src\Infra.IoC\Infra.IoC.csproj", "{26501938-CDCC-4B0B-92D7-E51B4459BAF7}"
EndProject
Project("{FAE04EC0-301F-11D3-BF4B-00C04F79EFBC}") = "Domain.Tests", "Tests\Domain.Tests\Domain.Tests.csproj", "{3CB893CB-B23E-4100-BB4B-643624A63A4E}"
EndProject
Project("{FAE04EC0-301F-11D3-BF4B-00C04F79EFBC}") = "Api.Tests", "Tests\Api.Tests\Api.Tests.csproj", "{4EC38EB2-3390-4C36-B837-352F8A3995B7}"
EndProject
Global
	GlobalSection(SolutionConfigurationPlatforms) = preSolution
		Debug|Any CPU = Debug|Any CPU
		Release|Any CPU = Release|Any CPU
	EndGlobalSection
	GlobalSection(NestedProjects) = preSolution
		{FFC1734B-2CCF-480E-AAF1-5F6114D3F298} = {5EA2EA20-B5A6-4CED-9059-A8684F2E84F5}
		{088A0D78-5EB4-47DF-97D8-86E4657D8502} = {5EA2EA20-B5A6-4CED-9059-A8684F2E84F5}
		{7CE80795-53C8-4050-A973-8DD19E99FFCF} = {5EA2EA20-B5A6-4CED-9059-A8684F2E84F5}
		{2ADEA842-1FDF-4CCD-89D3-257494E11354} = {5EA2EA20-B5A6-4CED-9059-A8684F2E84F5}
		{26501938-CDCC-4B0B-92D7-E51B4459BAF7} = {5EA2EA20-B5A6-4CED-9059-A8684F2E84F5}
		{3CB893CB-B23E-4100-BB4B-643624A63A4E} = {2DE41ED2-F053-454A-854D-14210955F656}
		{4EC38EB2-3390-4C36-B837-352F8A3995B7} = {2DE41ED2-F053-454A-854D-14210955F656}
	EndGlobalSection
	GlobalSection(ProjectConfigurationPlatforms) = postSolution
		{FFC1734B-2CCF-480E-AAF1-5F6114D3F298}.Debug|Any CPU.ActiveCfg = Debug|Any CPU
		{FFC1734B-2CCF-480E-AAF1-5F6114D3F298}.Debug|Any CPU.Build.0 = Debug|Any CPU
		{FFC1734B-2CCF-480E-AAF1-5F6114D3F298}.Release|Any CPU.ActiveCfg = Release|Any CPU
		{FFC1734B-2CCF-480E-AAF1-5F6114D3F298}.Release|Any CPU.Build.0 = Release|Any CPU
		{088A0D78-5EB4-47DF-97D8-86E4657D8502}.Debug|Any CPU.ActiveCfg = Debug|Any CPU
		{088A0D78-5EB4-47DF-97D8-86E4657D8502}.Debug|Any CPU.Build.0 = Debug|Any CPU
		{088A0D78-5EB4-47DF-97D8-86E4657D8502}.Release|Any CPU.ActiveCfg = Release|Any CPU
		{088A0D78-5EB4-47DF-97D8-86E4657D8502}.Release|Any CPU.Build.0 = Release|Any CPU
		{7CE80795-53C8-4050-A973-8DD19E99FFCF}.Debug|Any CPU.ActiveCfg = Debug|Any CPU
		{7CE80795-53C8-4050-A973-8DD19E99FFCF}.Debug|Any CPU.Build.0 = Debug|Any CPU
		{7CE80795-53C8-4050-A973-8DD19E99FFCF}.Release|Any CPU.ActiveCfg = Release|Any CPU
		{7CE80795-53C8-4050-A973-8DD19E99FFCF}.Release|Any CPU.Build.0 = Release|Any CPU
		{2ADEA842-1FDF-4CCD-89D3-257494E11354}.Debug|Any CPU.ActiveCfg = Debug|Any CPU
		{2ADEA842-1FDF-4CCD-89D3-257494E11354}.Debug|Any CPU.Build.0 = Debug|Any CPU
		{2ADEA842-1FDF-4CCD-89D3-257494E11354}.Release|Any CPU.ActiveCfg = Release|Any CPU
		{2ADEA842-1FDF-4CCD-89D3-257494E11354}.Release|Any CPU.Build.0 = Release|Any CPU
		{26501938-CDCC-4B0B-92D7-E51B4459BAF7}.Debug|Any CPU.ActiveCfg = Debug|Any CPU
		{26501938-CDCC-4B0B-92D7-E51B4459BAF7}.Debug|Any CPU.Build.0 = Debug|Any CPU
		{26501938-CDCC-4B0B-92D7-E51B4459BAF7}.Release|Any CPU.ActiveCfg = Release|Any CPU
		{26501938-CDCC-4B0B-92D7-E51B4459BAF7}.Release|Any CPU.Build.0 = Release|Any CPU
		{3CB893CB-B23E-4100-BB4B-643624A63A4E}.Debug|Any CPU.ActiveCfg = Debug|Any CPU
		{3CB893CB-B23E-4100-BB4B-643624A63A4E}.Debug|Any CPU.Build.0 = Debug|Any CPU
		{3CB893CB-B23E-4100-BB4B-643624A63A4E}.Release|Any CPU.ActiveCfg = Release|Any CPU
		{3CB893CB-B23E-4100-BB4B-643624A63A4E}.Release|Any CPU.Build.0 = Release|Any CPU
		{4EC38EB2-3390-4C36-B837-352F8A3995B7}.Debug|Any CPU.ActiveCfg = Debug|Any CPU
		{4EC38EB2-3390-4C36-B837-352F8A3995B7}.Debug|Any CPU.Build.0 = Debug|Any CPU
		{4EC38EB2-3390-4C36-B837-352F8A3995B7}.Release|Any CPU.ActiveCfg = Release|Any CPU
		{4EC38EB2-3390-4C36-B837-352F8A3995B7}.Release|Any CPU.Build.0 = Release|Any CPU
	EndGlobalSection
EndGlobal
